
Microsoft Visual Studio Solution File, Format Version 12.00
# Visual Studio Version 17
VisualStudioVersion = 17.0.32126.317
MinimumVisualStudioVersion = 10.0.40219.1
Project("{8BC9CEB8-8B4A-11D0-8D11-00A0C91BC942}") = "DogAppWin", "DogAppWin\DogAppWin.vcxproj", "{B1E0A6E3-F855-498B-B0D6-254649B20B5F}"
EndProject
Project("{8BC9CEB8-8B4A-11D0-8D11-00A0C91BC942}") = "DogAppConsole", "DogAppConsole\DogAppConsole.vcxproj", "{9C13FE74-3648-4DDE-8AA8-02ACC8EB0EF6}"
EndProject
Project("{8BC9CEB8-8B4A-11D0-8D11-00A0C91BC942}") = "DogFramework", "DogFramework\DogFramework.vcxproj", "{1C2D8021-D68B-48E0-A67C-5DE5446CC379}"
EndProject
Project("{8BC9CEB8-8B4A-11D0-8D11-00A0C91BC942}") = "TestsDFW", "TestsDFW\TestsDFW.vcxproj", "{71D4073F-ADF5-442E-98FF-330FCDC78B84}"
EndProject
Project("{8BC9CEB8-8B4A-11D0-8D11-00A0C91BC942}") = "DogEditor", "DogEditor\DogEditor.vcxproj", "{2EAA8C81-7B28-4480-87E4-DA39A27AF3CA}"
EndProject
Project("{8BC9CEB8-8B4A-11D0-8D11-00A0C91BC942}") = "DogEngine", "DogEngine\DogEngine.vcxproj", "{8AFAE97D-F892-4297-8991-71487E73DD15}"
EndProject
Global
	GlobalSection(SolutionConfigurationPlatforms) = preSolution
		Debug|x64 = Debug|x64
		Debug|x86 = Debug|x86
		Release|x64 = Release|x64
		Release|x86 = Release|x86
	EndGlobalSection
	GlobalSection(ProjectConfigurationPlatforms) = postSolution
		{B1E0A6E3-F855-498B-B0D6-254649B20B5F}.Debug|x64.ActiveCfg = Debug|x64
		{B1E0A6E3-F855-498B-B0D6-254649B20B5F}.Debug|x64.Build.0 = Debug|x64
		{B1E0A6E3-F855-498B-B0D6-254649B20B5F}.Debug|x86.ActiveCfg = Debug|x64
		{B1E0A6E3-F855-498B-B0D6-254649B20B5F}.Debug|x86.Build.0 = Debug|x64
		{B1E0A6E3-F855-498B-B0D6-254649B20B5F}.Release|x64.ActiveCfg = Release|x64
		{B1E0A6E3-F855-498B-B0D6-254649B20B5F}.Release|x64.Build.0 = Release|x64
		{B1E0A6E3-F855-498B-B0D6-254649B20B5F}.Release|x86.ActiveCfg = Release|x64
		{B1E0A6E3-F855-498B-B0D6-254649B20B5F}.Release|x86.Build.0 = Release|x64
		{9C13FE74-3648-4DDE-8AA8-02ACC8EB0EF6}.Debug|x64.ActiveCfg = Debug|x64
		{9C13FE74-3648-4DDE-8AA8-02ACC8EB0EF6}.Debug|x64.Build.0 = Debug|x64
		{9C13FE74-3648-4DDE-8AA8-02ACC8EB0EF6}.Debug|x86.ActiveCfg = Debug|x64
		{9C13FE74-3648-4DDE-8AA8-02ACC8EB0EF6}.Debug|x86.Build.0 = Debug|x64
		{9C13FE74-3648-4DDE-8AA8-02ACC8EB0EF6}.Release|x64.ActiveCfg = Release|x64
		{9C13FE74-3648-4DDE-8AA8-02ACC8EB0EF6}.Release|x64.Build.0 = Release|x64
		{9C13FE74-3648-4DDE-8AA8-02ACC8EB0EF6}.Release|x86.ActiveCfg = Release|x64
		{9C13FE74-3648-4DDE-8AA8-02ACC8EB0EF6}.Release|x86.Build.0 = Release|x64
		{1C2D8021-D68B-48E0-A67C-5DE5446CC379}.Debug|x64.ActiveCfg = Debug|x64
		{1C2D8021-D68B-48E0-A67C-5DE5446CC379}.Debug|x64.Build.0 = Debug|x64
		{1C2D8021-D68B-48E0-A67C-5DE5446CC379}.Debug|x86.ActiveCfg = Debug|x64
		{1C2D8021-D68B-48E0-A67C-5DE5446CC379}.Debug|x86.Build.0 = Debug|x64
		{1C2D8021-D68B-48E0-A67C-5DE5446CC379}.Release|x64.ActiveCfg = Release|x64
		{1C2D8021-D68B-48E0-A67C-5DE5446CC379}.Release|x64.Build.0 = Release|x64
		{1C2D8021-D68B-48E0-A67C-5DE5446CC379}.Release|x86.ActiveCfg = Release|x64
		{1C2D8021-D68B-48E0-A67C-5DE5446CC379}.Release|x86.Build.0 = Release|x64
		{71D4073F-ADF5-442E-98FF-330FCDC78B84}.Debug|x64.ActiveCfg = Debug|x64
		{71D4073F-ADF5-442E-98FF-330FCDC78B84}.Debug|x64.Build.0 = Debug|x64
		{71D4073F-ADF5-442E-98FF-330FCDC78B84}.Debug|x86.ActiveCfg = Debug|x64
		{71D4073F-ADF5-442E-98FF-330FCDC78B84}.Debug|x86.Build.0 = Debug|x64
		{71D4073F-ADF5-442E-98FF-330FCDC78B84}.Release|x64.ActiveCfg = Release|x64
		{71D4073F-ADF5-442E-98FF-330FCDC78B84}.Release|x64.Build.0 = Release|x64
		{71D4073F-ADF5-442E-98FF-330FCDC78B84}.Release|x86.ActiveCfg = Release|x64
		{71D4073F-ADF5-442E-98FF-330FCDC78B84}.Release|x86.Build.0 = Release|x64
		{2EAA8C81-7B28-4480-87E4-DA39A27AF3CA}.Debug|x64.ActiveCfg = Debug|x64
		{2EAA8C81-7B28-4480-87E4-DA39A27AF3CA}.Debug|x64.Build.0 = Debug|x64
		{2EAA8C81-7B28-4480-87E4-DA39A27AF3CA}.Debug|x86.ActiveCfg = Debug|Win32
		{2EAA8C81-7B28-4480-87E4-DA39A27AF3CA}.Debug|x86.Build.0 = Debug|Win32
		{2EAA8C81-7B28-4480-87E4-DA39A27AF3CA}.Release|x64.ActiveCfg = Release|x64
		{2EAA8C81-7B28-4480-87E4-DA39A27AF3CA}.Release|x64.Build.0 = Release|x64
		{2EAA8C81-7B28-4480-87E4-DA39A27AF3CA}.Release|x86.ActiveCfg = Release|Win32
		{2EAA8C81-7B28-4480-87E4-DA39A27AF3CA}.Release|x86.Build.0 = Release|Win32
		{8AFAE97D-F892-4297-8991-71487E73DD15}.Debug|x64.ActiveCfg = Debug|x64
		{8AFAE97D-F892-4297-8991-71487E73DD15}.Debug|x64.Build.0 = Debug|x64
		{8AFAE97D-F892-4297-8991-71487E73DD15}.Debug|x86.ActiveCfg = Debug|x64
		{8AFAE97D-F892-4297-8991-71487E73DD15}.Debug|x86.Build.0 = Debug|x64
		{8AFAE97D-F892-4297-8991-71487E73DD15}.Release|x64.ActiveCfg = Release|x64
		{8AFAE97D-F892-4297-8991-71487E73DD15}.Release|x64.Build.0 = Release|x64
		{8AFAE97D-F892-4297-8991-71487E73DD15}.Release|x86.ActiveCfg = Release|x64
		{8AFAE97D-F892-4297-8991-71487E73DD15}.Release|x86.Build.0 = Release|x64
	EndGlobalSection
	GlobalSection(SolutionProperties) = preSolution
		HideSolutionNode = FALSE
	EndGlobalSection
	GlobalSection(ExtensibilityGlobals) = postSolution
		SolutionGuid = {F24D9A11-661B-4231-BEE8-3343F13D351F}
	EndGlobalSection
EndGlobal
